
Microsoft Visual Studio Solution File, Format Version 12.00
# Visual Studio Version 16
VisualStudioVersion = 16.0.30611.23
MinimumVisualStudioVersion = 10.0.40219.1
Project("{FAE04EC0-301F-11D3-BF4B-00C04F79EFBC}") = "FleetUIv1", "FleetUIv1\FleetUIv1.csproj", "{CF491EBF-92B4-40DE-A0A0-9E50C1E1E108}"
EndProject
Global
	GlobalSection(SolutionConfigurationPlatforms) = preSolution
		Debug|Any CPU = Debug|Any CPU
		Release|Any CPU = Release|Any CPU
	EndGlobalSection
	GlobalSection(ProjectConfigurationPlatforms) = postSolution
		{CF491EBF-92B4-40DE-A0A0-9E50C1E1E108}.Debug|Any CPU.ActiveCfg = Debug|Any CPU
		{CF491EBF-92B4-40DE-A0A0-9E50C1E1E108}.Debug|Any CPU.Build.0 = Debug|Any CPU
		{CF491EBF-92B4-40DE-A0A0-9E50C1E1E108}.Release|Any CPU.ActiveCfg = Release|Any CPU
		{CF491EBF-92B4-40DE-A0A0-9E50C1E1E108}.Release|Any CPU.Build.0 = Release|Any CPU
	EndGlobalSection
	GlobalSection(SolutionProperties) = preSolution
		HideSolutionNode = FALSE
	EndGlobalSection
	GlobalSection(ExtensibilityGlobals) = postSolution
		SolutionGuid = {F8F9DD59-81DE-401A-B6BE-B0335A9D9D59}
	EndGlobalSection
EndGlobal
